
Microsoft Visual Studio Solution File, Format Version 12.00
# Visual Studio Version 17
VisualStudioVersion = 17.8.34330.188
MinimumVisualStudioVersion = 10.0.40219.1
Project("{FAE04EC0-301F-11D3-BF4B-00C04F79EFBC}") = "QLCHBCAFE", "QLCHBCAFE\QLCHBCAFE.csproj", "{BCC4A17F-AD53-46EC-9AA2-7AB549A52B08}"
EndProject
Global
	GlobalSection(SolutionConfigurationPlatforms) = preSolution
		Debug|Any CPU = Debug|Any CPU
		Release|Any CPU = Release|Any CPU
	EndGlobalSection
	GlobalSection(ProjectConfigurationPlatforms) = postSolution
		{BCC4A17F-AD53-46EC-9AA2-7AB549A52B08}.Debug|Any CPU.ActiveCfg = Debug|Any CPU
		{BCC4A17F-AD53-46EC-9AA2-7AB549A52B08}.Debug|Any CPU.Build.0 = Debug|Any CPU
		{BCC4A17F-AD53-46EC-9AA2-7AB549A52B08}.Release|Any CPU.ActiveCfg = Release|Any CPU
		{BCC4A17F-AD53-46EC-9AA2-7AB549A52B08}.Release|Any CPU.Build.0 = Release|Any CPU
	EndGlobalSection
	GlobalSection(SolutionProperties) = preSolution
		HideSolutionNode = FALSE
	EndGlobalSection
	GlobalSection(ExtensibilityGlobals) = postSolution
		SolutionGuid = {4B9CD7AD-A885-4616-B3DB-8FCAD84EDFBE}
	EndGlobalSection
EndGlobal
